
Microsoft Visual Studio Solution File, Format Version 12.00
# Visual Studio Version 16
VisualStudioVersion = 16.6.30114.105
MinimumVisualStudioVersion = 10.0.40219.1
Project("{2150E333-8FDC-42A3-9474-1A3956D46DE8}") = "src", "src", "{493D9A3A-F0B3-495E-8A4D-4F58AF767579}"
EndProject
Project("{FAE04EC0-301F-11D3-BF4B-00C04F79EFBC}") = "WebApi", "src\WebApi\WebApi.csproj", "{74F8E7F2-D476-4297-9AD9-C3F11F95013B}"
EndProject
Project("{FAE04EC0-301F-11D3-BF4B-00C04F79EFBC}") = "Application", "src\Application\Application.csproj", "{D0B45FA3-C71A-4E9A-8F16-707AA0BD7F5F}"
EndProject
Project("{FAE04EC0-301F-11D3-BF4B-00C04F79EFBC}") = "Domain", "src\Domain\Domain.csproj", "{A53B83D9-E255-4DA2-93AE-01A974BCC1C9}"
EndProject
Project("{FAE04EC0-301F-11D3-BF4B-00C04F79EFBC}") = "Infrastructure", "src\Infrastructure\Infrastructure.csproj", "{5D348931-AAFA-4619-9528-7442B8301661}"
EndProject
Project("{2150E333-8FDC-42A3-9474-1A3956D46DE8}") = "tests", "tests", "{F5DE0109-83E3-4ED5-B8BA-A94CCDA05B99}"
EndProject
Project("{FAE04EC0-301F-11D3-BF4B-00C04F79EFBC}") = "Application.IntegrationTests", "tests\Application.IntegrationTests\Application.IntegrationTests.csproj", "{9780B287-86C4-4C76-B169-F2AFBA8E29DC}"
EndProject
Global
	GlobalSection(SolutionConfigurationPlatforms) = preSolution
		Debug|Any CPU = Debug|Any CPU
		Debug|x64 = Debug|x64
		Debug|x86 = Debug|x86
		Release|Any CPU = Release|Any CPU
		Release|x64 = Release|x64
		Release|x86 = Release|x86
	EndGlobalSection
	GlobalSection(SolutionProperties) = preSolution
		HideSolutionNode = FALSE
	EndGlobalSection
	GlobalSection(ProjectConfigurationPlatforms) = postSolution
		{74F8E7F2-D476-4297-9AD9-C3F11F95013B}.Debug|Any CPU.ActiveCfg = Debug|Any CPU
		{74F8E7F2-D476-4297-9AD9-C3F11F95013B}.Debug|Any CPU.Build.0 = Debug|Any CPU
		{74F8E7F2-D476-4297-9AD9-C3F11F95013B}.Debug|x64.ActiveCfg = Debug|Any CPU
		{74F8E7F2-D476-4297-9AD9-C3F11F95013B}.Debug|x64.Build.0 = Debug|Any CPU
		{74F8E7F2-D476-4297-9AD9-C3F11F95013B}.Debug|x86.ActiveCfg = Debug|Any CPU
		{74F8E7F2-D476-4297-9AD9-C3F11F95013B}.Debug|x86.Build.0 = Debug|Any CPU
		{74F8E7F2-D476-4297-9AD9-C3F11F95013B}.Release|Any CPU.ActiveCfg = Release|Any CPU
		{74F8E7F2-D476-4297-9AD9-C3F11F95013B}.Release|Any CPU.Build.0 = Release|Any CPU
		{74F8E7F2-D476-4297-9AD9-C3F11F95013B}.Release|x64.ActiveCfg = Release|Any CPU
		{74F8E7F2-D476-4297-9AD9-C3F11F95013B}.Release|x64.Build.0 = Release|Any CPU
		{74F8E7F2-D476-4297-9AD9-C3F11F95013B}.Release|x86.ActiveCfg = Release|Any CPU
		{74F8E7F2-D476-4297-9AD9-C3F11F95013B}.Release|x86.Build.0 = Release|Any CPU
		{D0B45FA3-C71A-4E9A-8F16-707AA0BD7F5F}.Debug|Any CPU.ActiveCfg = Debug|Any CPU
		{D0B45FA3-C71A-4E9A-8F16-707AA0BD7F5F}.Debug|Any CPU.Build.0 = Debug|Any CPU
		{D0B45FA3-C71A-4E9A-8F16-707AA0BD7F5F}.Debug|x64.ActiveCfg = Debug|Any CPU
		{D0B45FA3-C71A-4E9A-8F16-707AA0BD7F5F}.Debug|x64.Build.0 = Debug|Any CPU
		{D0B45FA3-C71A-4E9A-8F16-707AA0BD7F5F}.Debug|x86.ActiveCfg = Debug|Any CPU
		{D0B45FA3-C71A-4E9A-8F16-707AA0BD7F5F}.Debug|x86.Build.0 = Debug|Any CPU
		{D0B45FA3-C71A-4E9A-8F16-707AA0BD7F5F}.Release|Any CPU.ActiveCfg = Release|Any CPU
		{D0B45FA3-C71A-4E9A-8F16-707AA0BD7F5F}.Release|Any CPU.Build.0 = Release|Any CPU
		{D0B45FA3-C71A-4E9A-8F16-707AA0BD7F5F}.Release|x64.ActiveCfg = Release|Any CPU
		{D0B45FA3-C71A-4E9A-8F16-707AA0BD7F5F}.Release|x64.Build.0 = Release|Any CPU
		{D0B45FA3-C71A-4E9A-8F16-707AA0BD7F5F}.Release|x86.ActiveCfg = Release|Any CPU
		{D0B45FA3-C71A-4E9A-8F16-707AA0BD7F5F}.Release|x86.Build.0 = Release|Any CPU
		{A53B83D9-E255-4DA2-93AE-01A974BCC1C9}.Debug|Any CPU.ActiveCfg = Debug|Any CPU
		{A53B83D9-E255-4DA2-93AE-01A974BCC1C9}.Debug|Any CPU.Build.0 = Debug|Any CPU
		{A53B83D9-E255-4DA2-93AE-01A974BCC1C9}.Debug|x64.ActiveCfg = Debug|Any CPU
		{A53B83D9-E255-4DA2-93AE-01A974BCC1C9}.Debug|x64.Build.0 = Debug|Any CPU
		{A53B83D9-E255-4DA2-93AE-01A974BCC1C9}.Debug|x86.ActiveCfg = Debug|Any CPU
		{A53B83D9-E255-4DA2-93AE-01A974BCC1C9}.Debug|x86.Build.0 = Debug|Any CPU
		{A53B83D9-E255-4DA2-93AE-01A974BCC1C9}.Release|Any CPU.ActiveCfg = Release|Any CPU
		{A53B83D9-E255-4DA2-93AE-01A974BCC1C9}.Release|Any CPU.Build.0 = Release|Any CPU
		{A53B83D9-E255-4DA2-93AE-01A974BCC1C9}.Release|x64.ActiveCfg = Release|Any CPU
		{A53B83D9-E255-4DA2-93AE-01A974BCC1C9}.Release|x64.Build.0 = Release|Any CPU
		{A53B83D9-E255-4DA2-93AE-01A974BCC1C9}.Release|x86.ActiveCfg = Release|Any CPU
		{A53B83D9-E255-4DA2-93AE-01A974BCC1C9}.Release|x86.Build.0 = Release|Any CPU
		{5D348931-AAFA-4619-9528-7442B8301661}.Debug|Any CPU.ActiveCfg = Debug|Any CPU
		{5D348931-AAFA-4619-9528-7442B8301661}.Debug|Any CPU.Build.0 = Debug|Any CPU
		{5D348931-AAFA-4619-9528-7442B8301661}.Debug|x64.ActiveCfg = Debug|Any CPU
		{5D348931-AAFA-4619-9528-7442B8301661}.Debug|x64.Build.0 = Debug|Any CPU
		{5D348931-AAFA-4619-9528-7442B8301661}.Debug|x86.ActiveCfg = Debug|Any CPU
		{5D348931-AAFA-4619-9528-7442B8301661}.Debug|x86.Build.0 = Debug|Any CPU
		{5D348931-AAFA-4619-9528-7442B8301661}.Release|Any CPU.ActiveCfg = Release|Any CPU
		{5D348931-AAFA-4619-9528-7442B8301661}.Release|Any CPU.Build.0 = Release|Any CPU
		{5D348931-AAFA-4619-9528-7442B8301661}.Release|x64.ActiveCfg = Release|Any CPU
		{5D348931-AAFA-4619-9528-7442B8301661}.Release|x64.Build.0 = Release|Any CPU
		{5D348931-AAFA-4619-9528-7442B8301661}.Release|x86.ActiveCfg = Release|Any CPU
		{5D348931-AAFA-4619-9528-7442B8301661}.Release|x86.Build.0 = Release|Any CPU
		{9780B287-86C4-4C76-B169-F2AFBA8E29DC}.Debug|Any CPU.ActiveCfg = Debug|Any CPU
		{9780B287-86C4-4C76-B169-F2AFBA8E29DC}.Debug|Any CPU.Build.0 = Debug|Any CPU
		{9780B287-86C4-4C76-B169-F2AFBA8E29DC}.Debug|x64.ActiveCfg = Debug|Any CPU
		{9780B287-86C4-4C76-B169-F2AFBA8E29DC}.Debug|x64.Build.0 = Debug|Any CPU
		{9780B287-86C4-4C76-B169-F2AFBA8E29DC}.Debug|x86.ActiveCfg = Debug|Any CPU
		{9780B287-86C4-4C76-B169-F2AFBA8E29DC}.Debug|x86.Build.0 = Debug|Any CPU
		{9780B287-86C4-4C76-B169-F2AFBA8E29DC}.Release|Any CPU.ActiveCfg = Release|Any CPU
		{9780B287-86C4-4C76-B169-F2AFBA8E29DC}.Release|Any CPU.Build.0 = Release|Any CPU
		{9780B287-86C4-4C76-B169-F2AFBA8E29DC}.Release|x64.ActiveCfg = Release|Any CPU
		{9780B287-86C4-4C76-B169-F2AFBA8E29DC}.Release|x64.Build.0 = Release|Any CPU
		{9780B287-86C4-4C76-B169-F2AFBA8E29DC}.Release|x86.ActiveCfg = Release|Any CPU
		{9780B287-86C4-4C76-B169-F2AFBA8E29DC}.Release|x86.Build.0 = Release|Any CPU
	EndGlobalSection
	GlobalSection(NestedProjects) = preSolution
		{74F8E7F2-D476-4297-9AD9-C3F11F95013B} = {493D9A3A-F0B3-495E-8A4D-4F58AF767579}
		{D0B45FA3-C71A-4E9A-8F16-707AA0BD7F5F} = {493D9A3A-F0B3-495E-8A4D-4F58AF767579}
		{A53B83D9-E255-4DA2-93AE-01A974BCC1C9} = {493D9A3A-F0B3-495E-8A4D-4F58AF767579}
		{5D348931-AAFA-4619-9528-7442B8301661} = {493D9A3A-F0B3-495E-8A4D-4F58AF767579}
		{9780B287-86C4-4C76-B169-F2AFBA8E29DC} = {F5DE0109-83E3-4ED5-B8BA-A94CCDA05B99}
	EndGlobalSection
EndGlobal
